# THIS IS AN AUTOGENERATED FILE. DO NOT EDIT THIS FILE DIRECTLY.
# yarn lockfile v1


rambdax@^3.7.0:
  version "3.7.0"
  resolved "https://registry.yarnpkg.com/rambdax/-/rambdax-3.7.0.tgz#bc89ced092f95521555eb24fe0a29039807a4756"
  integrity sha512-EaV46HD0sqoFGmm0BT7cMSUXJw0l+iMCH52CkhAuByJNLC+WXE13KgxRd5UsnwdLg/tEskgPADYacOuR0zVa9Q==
